
Microsoft Visual Studio Solution File, Format Version 12.00
# Visual Studio 15
VisualStudioVersion = 15.0.28010.2041
MinimumVisualStudioVersion = 10.0.40219.1
Project("{FAE04EC0-301F-11D3-BF4B-00C04F79EFBC}") = "LaboratorioAlbum", "LaboratorioAlbum\LaboratorioAlbum.csproj", "{022695AB-1EBD-44A4-BAD2-916DFC9ACF85}"
EndProject
Global
	GlobalSection(SolutionConfigurationPlatforms) = preSolution
		Debug|Any CPU = Debug|Any CPU
		Release|Any CPU = Release|Any CPU
	EndGlobalSection
	GlobalSection(ProjectConfigurationPlatforms) = postSolution
		{022695AB-1EBD-44A4-BAD2-916DFC9ACF85}.Debug|Any CPU.ActiveCfg = Debug|Any CPU
		{022695AB-1EBD-44A4-BAD2-916DFC9ACF85}.Debug|Any CPU.Build.0 = Debug|Any CPU
		{022695AB-1EBD-44A4-BAD2-916DFC9ACF85}.Release|Any CPU.ActiveCfg = Release|Any CPU
		{022695AB-1EBD-44A4-BAD2-916DFC9ACF85}.Release|Any CPU.Build.0 = Release|Any CPU
	EndGlobalSection
	GlobalSection(SolutionProperties) = preSolution
		HideSolutionNode = FALSE
	EndGlobalSection
	GlobalSection(ExtensibilityGlobals) = postSolution
		SolutionGuid = {61D8C065-1FD8-4EB5-8A5B-F560B3CD7315}
	EndGlobalSection
EndGlobal
